
Microsoft Visual Studio Solution File, Format Version 12.00
# Visual Studio 15
VisualStudioVersion = 15.0.26730.12
MinimumVisualStudioVersion = 10.0.40219.1
Project("{9A19103F-16F7-4668-BE54-9A1E7A4F7556}") = "POC.Raytheon.Weapons.Web", "POC.Raytheon.Weapons.Web\POC.Raytheon.Weapons.Web.csproj", "{BE736862-8190-45CC-A319-58B679010706}"
EndProject
Project("{2150E333-8FDC-42A3-9474-1A3956D46DE8}") = "ServiceApps", "ServiceApps", "{E0844816-15EF-4426-87B1-A52685492FE4}"
	ProjectSection(SolutionItems) = preProject
		_README.txt = _README.txt
	EndProjectSection
EndProject
Project("{2150E333-8FDC-42A3-9474-1A3956D46DE8}") = "Tests", "Tests", "{E4FA1AC3-6C82-46ED-9497-DA39F847EA64}"
EndProject
Project("{FAE04EC0-301F-11D3-BF4B-00C04F79EFBC}") = "POC.Raytheon.Weapons.WebAPI", "POC.Raytheon.Weapons.WebAPI\POC.Raytheon.Weapons.WebAPI.csproj", "{9884F5A6-D1CB-428D-839A-CDF1D82161AB}"
EndProject
Project("{FAE04EC0-301F-11D3-BF4B-00C04F79EFBC}") = "POC.Raytheon.Weapons.WebAPI.Tests", "POC.Raytheon.Weapons.WebAPI.Tests\POC.Raytheon.Weapons.WebAPI.Tests.csproj", "{5A3DFAF1-E09F-449D-BD97-9742E4DB6B79}"
EndProject
Project("{9A19103F-16F7-4668-BE54-9A1E7A4F7556}") = "POC.Raytheon.Weapons.ViewModels", "POC.Raytheon.Weapons.ViewModels\POC.Raytheon.Weapons.ViewModels.csproj", "{E1CF9594-5493-475B-A8BE-62EEBF430CD6}"
EndProject
Project("{9A19103F-16F7-4668-BE54-9A1E7A4F7556}") = "POC.Raytheon.Weapons.Repository", "POC.Raytheon.Weapons.Repository\POC.Raytheon.Weapons.Repository.csproj", "{D95E44CD-CA24-4032-BADD-40161AFBA43E}"
EndProject
Project("{9A19103F-16F7-4668-BE54-9A1E7A4F7556}") = "POC.Raytheon.Weapons.Models", "POC.Raytheon.Weapons.Models\POC.Raytheon.Weapons.Models.csproj", "{B6C70477-631E-4442-B8BF-2B47911F1A34}"
EndProject
Project("{9A19103F-16F7-4668-BE54-9A1E7A4F7556}") = "POC.Raytheon.Weapons.Infrastructure", "POC.Raytheon.Weapons.Infrastructure\POC.Raytheon.Weapons.Infrastructure.csproj", "{C04C8337-CC6A-4BAA-962B-048D4FCE2EA7}"
EndProject
Project("{9A19103F-16F7-4668-BE54-9A1E7A4F7556}") = "POC.Raytheon.Weapons.DBConnector", "POC.Raytheon.Weapons.DBConnector\POC.Raytheon.Weapons.DBConnector.csproj", "{21FCCC5E-4A5C-43E6-BF14-C9044873D2AB}"
EndProject
Project("{9A19103F-16F7-4668-BE54-9A1E7A4F7556}") = "POC.Raytheon.Weapons.Integration", "POC.Raytheon.Weapons.Integration\POC.Raytheon.Weapons.Integration.csproj", "{55A1EEA3-15B5-47EC-BA31-A55250D0DBF6}"
EndProject
Project("{9A19103F-16F7-4668-BE54-9A1E7A4F7556}") = "POC.Raytheon.Weapons.Services", "POC.Raytheon.Weapons.Services\POC.Raytheon.Weapons.Services.csproj", "{F58D19DF-51D9-4588-9420-4827092E56E2}"
EndProject
Project("{FAE04EC0-301F-11D3-BF4B-00C04F79EFBC}") = "POC.Raytheon.Weapons.Auction.Simulator", "POC.Raytheon.Weapons.Auction.Simulator\POC.Raytheon.Weapons.Auction.Simulator.csproj", "{9143994A-195A-4B8E-9C1C-BAE37C48AD24}"
EndProject
Project("{FAE04EC0-301F-11D3-BF4B-00C04F79EFBC}") = "POC.Raytheon.Weapons.Repository.Tests", "POC.Raytheon.Weapons.Repository.Tests\POC.Raytheon.Weapons.Repository.Tests.csproj", "{DFCA1BC8-9995-4FFE-9A46-B1A4DD8BE6A9}"
EndProject
Project("{FAE04EC0-301F-11D3-BF4B-00C04F79EFBC}") = "POC.Raytheon.Weapons.Services.Tests", "POC.Raytheon.Weapons.Services.Tests\POC.Raytheon.Weapons.Services.Tests.csproj", "{2C112EB6-6FA7-43A1-9AC4-80DEAAA75AE2}"
EndProject
Project("{FAE04EC0-301F-11D3-BF4B-00C04F79EFBC}") = "POC.Raytheon.Weapons.DBConnector.Tests", "POC.Raytheon.Weapons.DBConnector.Tests\POC.Raytheon.Weapons.DBConnector.Tests.csproj", "{709BFDE3-75A9-4465-9AD0-7564FBC07220}"
EndProject
Project("{2150E333-8FDC-42A3-9474-1A3956D46DE8}") = "Unit", "Unit", "{6B313A6F-6DA8-45ED-BA0F-685BE6C48001}"
EndProject
Project("{2150E333-8FDC-42A3-9474-1A3956D46DE8}") = "Integration", "Integration", "{BD7337EE-523D-4E50-B217-1E03AA338B78}"
EndProject
Global
	GlobalSection(SolutionConfigurationPlatforms) = preSolution
		Debug|Any CPU = Debug|Any CPU
		Release|Any CPU = Release|Any CPU
	EndGlobalSection
	GlobalSection(ProjectConfigurationPlatforms) = postSolution
		{BE736862-8190-45CC-A319-58B679010706}.Debug|Any CPU.ActiveCfg = Debug|Any CPU
		{BE736862-8190-45CC-A319-58B679010706}.Debug|Any CPU.Build.0 = Debug|Any CPU
		{BE736862-8190-45CC-A319-58B679010706}.Release|Any CPU.ActiveCfg = Release|Any CPU
		{BE736862-8190-45CC-A319-58B679010706}.Release|Any CPU.Build.0 = Release|Any CPU
		{9884F5A6-D1CB-428D-839A-CDF1D82161AB}.Debug|Any CPU.ActiveCfg = Debug|Any CPU
		{9884F5A6-D1CB-428D-839A-CDF1D82161AB}.Debug|Any CPU.Build.0 = Debug|Any CPU
		{9884F5A6-D1CB-428D-839A-CDF1D82161AB}.Release|Any CPU.ActiveCfg = Release|Any CPU
		{9884F5A6-D1CB-428D-839A-CDF1D82161AB}.Release|Any CPU.Build.0 = Release|Any CPU
		{5A3DFAF1-E09F-449D-BD97-9742E4DB6B79}.Debug|Any CPU.ActiveCfg = Debug|Any CPU
		{5A3DFAF1-E09F-449D-BD97-9742E4DB6B79}.Debug|Any CPU.Build.0 = Debug|Any CPU
		{5A3DFAF1-E09F-449D-BD97-9742E4DB6B79}.Release|Any CPU.ActiveCfg = Release|Any CPU
		{5A3DFAF1-E09F-449D-BD97-9742E4DB6B79}.Release|Any CPU.Build.0 = Release|Any CPU
		{E1CF9594-5493-475B-A8BE-62EEBF430CD6}.Debug|Any CPU.ActiveCfg = Debug|Any CPU
		{E1CF9594-5493-475B-A8BE-62EEBF430CD6}.Debug|Any CPU.Build.0 = Debug|Any CPU
		{E1CF9594-5493-475B-A8BE-62EEBF430CD6}.Release|Any CPU.ActiveCfg = Release|Any CPU
		{E1CF9594-5493-475B-A8BE-62EEBF430CD6}.Release|Any CPU.Build.0 = Release|Any CPU
		{D95E44CD-CA24-4032-BADD-40161AFBA43E}.Debug|Any CPU.ActiveCfg = Debug|Any CPU
		{D95E44CD-CA24-4032-BADD-40161AFBA43E}.Debug|Any CPU.Build.0 = Debug|Any CPU
		{D95E44CD-CA24-4032-BADD-40161AFBA43E}.Release|Any CPU.ActiveCfg = Release|Any CPU
		{D95E44CD-CA24-4032-BADD-40161AFBA43E}.Release|Any CPU.Build.0 = Release|Any CPU
		{B6C70477-631E-4442-B8BF-2B47911F1A34}.Debug|Any CPU.ActiveCfg = Debug|Any CPU
		{B6C70477-631E-4442-B8BF-2B47911F1A34}.Debug|Any CPU.Build.0 = Debug|Any CPU
		{B6C70477-631E-4442-B8BF-2B47911F1A34}.Release|Any CPU.ActiveCfg = Release|Any CPU
		{B6C70477-631E-4442-B8BF-2B47911F1A34}.Release|Any CPU.Build.0 = Release|Any CPU
		{C04C8337-CC6A-4BAA-962B-048D4FCE2EA7}.Debug|Any CPU.ActiveCfg = Debug|Any CPU
		{C04C8337-CC6A-4BAA-962B-048D4FCE2EA7}.Debug|Any CPU.Build.0 = Debug|Any CPU
		{C04C8337-CC6A-4BAA-962B-048D4FCE2EA7}.Release|Any CPU.ActiveCfg = Release|Any CPU
		{C04C8337-CC6A-4BAA-962B-048D4FCE2EA7}.Release|Any CPU.Build.0 = Release|Any CPU
		{21FCCC5E-4A5C-43E6-BF14-C9044873D2AB}.Debug|Any CPU.ActiveCfg = Debug|Any CPU
		{21FCCC5E-4A5C-43E6-BF14-C9044873D2AB}.Debug|Any CPU.Build.0 = Debug|Any CPU
		{21FCCC5E-4A5C-43E6-BF14-C9044873D2AB}.Release|Any CPU.ActiveCfg = Release|Any CPU
		{21FCCC5E-4A5C-43E6-BF14-C9044873D2AB}.Release|Any CPU.Build.0 = Release|Any CPU
		{55A1EEA3-15B5-47EC-BA31-A55250D0DBF6}.Debug|Any CPU.ActiveCfg = Debug|Any CPU
		{55A1EEA3-15B5-47EC-BA31-A55250D0DBF6}.Debug|Any CPU.Build.0 = Debug|Any CPU
		{55A1EEA3-15B5-47EC-BA31-A55250D0DBF6}.Release|Any CPU.ActiveCfg = Release|Any CPU
		{55A1EEA3-15B5-47EC-BA31-A55250D0DBF6}.Release|Any CPU.Build.0 = Release|Any CPU
		{F58D19DF-51D9-4588-9420-4827092E56E2}.Debug|Any CPU.ActiveCfg = Debug|Any CPU
		{F58D19DF-51D9-4588-9420-4827092E56E2}.Debug|Any CPU.Build.0 = Debug|Any CPU
		{F58D19DF-51D9-4588-9420-4827092E56E2}.Release|Any CPU.ActiveCfg = Release|Any CPU
		{F58D19DF-51D9-4588-9420-4827092E56E2}.Release|Any CPU.Build.0 = Release|Any CPU
		{9143994A-195A-4B8E-9C1C-BAE37C48AD24}.Debug|Any CPU.ActiveCfg = Debug|Any CPU
		{9143994A-195A-4B8E-9C1C-BAE37C48AD24}.Debug|Any CPU.Build.0 = Debug|Any CPU
		{9143994A-195A-4B8E-9C1C-BAE37C48AD24}.Release|Any CPU.ActiveCfg = Release|Any CPU
		{9143994A-195A-4B8E-9C1C-BAE37C48AD24}.Release|Any CPU.Build.0 = Release|Any CPU
		{DFCA1BC8-9995-4FFE-9A46-B1A4DD8BE6A9}.Debug|Any CPU.ActiveCfg = Debug|Any CPU
		{DFCA1BC8-9995-4FFE-9A46-B1A4DD8BE6A9}.Debug|Any CPU.Build.0 = Debug|Any CPU
		{DFCA1BC8-9995-4FFE-9A46-B1A4DD8BE6A9}.Release|Any CPU.ActiveCfg = Release|Any CPU
		{DFCA1BC8-9995-4FFE-9A46-B1A4DD8BE6A9}.Release|Any CPU.Build.0 = Release|Any CPU
		{2C112EB6-6FA7-43A1-9AC4-80DEAAA75AE2}.Debug|Any CPU.ActiveCfg = Debug|Any CPU
		{2C112EB6-6FA7-43A1-9AC4-80DEAAA75AE2}.Debug|Any CPU.Build.0 = Debug|Any CPU
		{2C112EB6-6FA7-43A1-9AC4-80DEAAA75AE2}.Release|Any CPU.ActiveCfg = Release|Any CPU
		{2C112EB6-6FA7-43A1-9AC4-80DEAAA75AE2}.Release|Any CPU.Build.0 = Release|Any CPU
		{709BFDE3-75A9-4465-9AD0-7564FBC07220}.Debug|Any CPU.ActiveCfg = Debug|Any CPU
		{709BFDE3-75A9-4465-9AD0-7564FBC07220}.Debug|Any CPU.Build.0 = Debug|Any CPU
		{709BFDE3-75A9-4465-9AD0-7564FBC07220}.Release|Any CPU.ActiveCfg = Release|Any CPU
		{709BFDE3-75A9-4465-9AD0-7564FBC07220}.Release|Any CPU.Build.0 = Release|Any CPU
	EndGlobalSection
	GlobalSection(SolutionProperties) = preSolution
		HideSolutionNode = FALSE
	EndGlobalSection
	GlobalSection(NestedProjects) = preSolution
		{5A3DFAF1-E09F-449D-BD97-9742E4DB6B79} = {6B313A6F-6DA8-45ED-BA0F-685BE6C48001}
		{9143994A-195A-4B8E-9C1C-BAE37C48AD24} = {E0844816-15EF-4426-87B1-A52685492FE4}
		{DFCA1BC8-9995-4FFE-9A46-B1A4DD8BE6A9} = {6B313A6F-6DA8-45ED-BA0F-685BE6C48001}
		{2C112EB6-6FA7-43A1-9AC4-80DEAAA75AE2} = {6B313A6F-6DA8-45ED-BA0F-685BE6C48001}
		{709BFDE3-75A9-4465-9AD0-7564FBC07220} = {6B313A6F-6DA8-45ED-BA0F-685BE6C48001}
		{6B313A6F-6DA8-45ED-BA0F-685BE6C48001} = {E4FA1AC3-6C82-46ED-9497-DA39F847EA64}
		{BD7337EE-523D-4E50-B217-1E03AA338B78} = {E4FA1AC3-6C82-46ED-9497-DA39F847EA64}
	EndGlobalSection
	GlobalSection(ExtensibilityGlobals) = postSolution
		SolutionGuid = {06C969C1-6376-4D22-9ABE-0DB340515B58}
	EndGlobalSection
EndGlobal
